{
  "name": "rholang-tutorial-renderer",
  "version": "1.0.0",
  "lockfileVersion": 1,
  "requires": true,
  "dependencies": {
    "fs": {
      "version": "0.0.1-security",
      "resolved": "https://registry.npmjs.org/fs/-/fs-0.0.1-security.tgz",
      "integrity": "sha1-invTcYa23d84E/I4WLV+yq9eQdQ="
    },
    "marked": {
      "version": "0.5.0",
      "resolved": "https://registry.npmjs.org/marked/-/marked-0.5.0.tgz",
      "integrity": "sha512-UhjmkCWKu1SS/BIePL2a59BMJ7V42EYtTfksodPRXzPEGEph3Inp5dylseqt+KbU9Jglsx8xcMKmlumfJMBXAA=="
    }
  }
}
